
Microsoft Visual Studio Solution File, Format Version 12.00
# Visual Studio Version 16
VisualStudioVersion = 16.0.30621.155
MinimumVisualStudioVersion = 10.0.40219.1
Project("{8BC9CEB8-8B4A-11D0-8D11-00A0C91BC942}") = "11-30字符串函数模拟", "11-30字符串函数模拟.vcxproj", "{132F3850-F114-4A06-B9FD-1216AA4980FA}"
EndProject
Global
	GlobalSection(SolutionConfigurationPlatforms) = preSolution
		Debug|x64 = Debug|x64
		Debug|x86 = Debug|x86
		Release|x64 = Release|x64
		Release|x86 = Release|x86
	EndGlobalSection
	GlobalSection(ProjectConfigurationPlatforms) = postSolution
		{132F3850-F114-4A06-B9FD-1216AA4980FA}.Debug|x64.ActiveCfg = Debug|x64
		{132F3850-F114-4A06-B9FD-1216AA4980FA}.Debug|x64.Build.0 = Debug|x64
		{132F3850-F114-4A06-B9FD-1216AA4980FA}.Debug|x86.ActiveCfg = Debug|Win32
		{132F3850-F114-4A06-B9FD-1216AA4980FA}.Debug|x86.Build.0 = Debug|Win32
		{132F3850-F114-4A06-B9FD-1216AA4980FA}.Release|x64.ActiveCfg = Release|x64
		{132F3850-F114-4A06-B9FD-1216AA4980FA}.Release|x64.Build.0 = Release|x64
		{132F3850-F114-4A06-B9FD-1216AA4980FA}.Release|x86.ActiveCfg = Release|Win32
		{132F3850-F114-4A06-B9FD-1216AA4980FA}.Release|x86.Build.0 = Release|Win32
	EndGlobalSection
	GlobalSection(SolutionProperties) = preSolution
		HideSolutionNode = FALSE
	EndGlobalSection
	GlobalSection(ExtensibilityGlobals) = postSolution
		SolutionGuid = {BAFAAB71-3074-46A4-989F-65DB12C0769F}
	EndGlobalSection
EndGlobal
